version = 1
revision = 2
requires-python = ">=3.12"

[[package]]
name = "icalendar"
version = "6.3.1"
source = { registry = "https://pypi.org/simple" }
dependencies = [
    { name = "python-dateutil" },
    { name = "tzdata" },
]
sdist = { url = "https://files.pythonhosted.org/packages/08/13/e5899c916dcf1343ea65823eb7278d3e1a1d679f383f6409380594b5f322/icalendar-6.3.1.tar.gz", hash = "sha256:a697ce7b678072941e519f2745704fc29d78ef92a2dc53d9108ba6a04aeba466", size = 177169, upload-time = "2025-05-20T07:42:50.683Z" }
wheels = [
    { url = "https://files.pythonhosted.org/packages/6c/25/b5fc00e85d2dfaf5c806ac8b5f1de072fa11630c5b15b4ae5bbc228abd51/icalendar-6.3.1-py3-none-any.whl", hash = "sha256:7ea1d1b212df685353f74cdc6ec9646bf42fa557d1746ea645ce8779fdfbecdd", size = 242349, upload-time = "2025-05-20T07:42:48.589Z" },
]

[[package]]
name = "pyrefly"
version = "0.23.1"
source = { registry = "https://pypi.org/simple" }
sdist = { url = "https://files.pythonhosted.org/packages/e5/69/8f068f86cc15f5b0c51aada12aa6871cda1eacbcecc34e844b490014d135/pyrefly-0.23.1.tar.gz", hash = "sha256:7032d97dfdf885e8309e9d78bd70b332649544e1f36905082f703e133f575aaa", size = 1106563, upload-time = "2025-07-08T21:16:31.181Z" }
wheels = [
    { url = "https://files.pythonhosted.org/packages/1b/d6/7ba06a447a022f564c400f50fc428d0bcc6582518fe86126a4b21b85f6dc/pyrefly-0.23.1-py3-none-macosx_10_12_x86_64.whl", hash = "sha256:a25506700f179004438221aa50aa107f70dc52d08ee538150ef1c3789544f921", size = 5996702, upload-time = "2025-07-08T21:16:17.377Z" },
    { url = "https://files.pythonhosted.org/packages/58/d7/6985b5d2f96fb4b98bff88ed103510af8381399ece619666e67d48d3e276/pyrefly-0.23.1-py3-none-macosx_11_0_arm64.whl", hash = "sha256:5307f3184b69effbb867be07c09a0181347b76b1723f3ed246030fb253dde4f2", size = 5564161, upload-time = "2025-07-08T21:16:19.108Z" },
    { url = "https://files.pythonhosted.org/packages/1f/fb/7b6709bf2869e9d1d4929b3acaf68777c5acf2a458a4a64e88d45b40f96b/pyrefly-0.23.1-py3-none-manylinux_2_17_aarch64.manylinux2014_aarch64.whl", hash = "sha256:4f59e2c0cf65d1f10e9a0b9c7de63c677a17c3634d60bfa3a3426cd0184e73b4", size = 5771362, upload-time = "2025-07-08T21:16:20.753Z" },
    { url = "https://files.pythonhosted.org/packages/af/36/8474aad6c30ad93e7d19c457af87298daf54a63ed39d5ebbc828372a40d0/pyrefly-0.23.1-py3-none-manylinux_2_17_i686.manylinux2014_i686.whl", hash = "sha256:2cd03be65aa0b527e29855a42354641f612885587cb40e6ae8bb91b739a4fca6", size = 6470799, upload-time = "2025-07-08T21:16:22.444Z" },
    { url = "https://files.pythonhosted.org/packages/4a/b1/dfc9e5de5ef21d801522909ef9d7dbeb559997dad6cf1afee46dd7f664db/pyrefly-0.23.1-py3-none-manylinux_2_17_x86_64.manylinux2014_x86_64.whl", hash = "sha256:93d841cb1cd5164407482cb30b09fc25ceaa113809d7715e454dd3cd47faf140", size = 6238136, upload-time = "2025-07-08T21:16:24.013Z" },
    { url = "https://files.pythonhosted.org/packages/d7/d3/cb59a94e44d06946b301fd3a10b8944ccc4dbd5de4176370adc665a5c7c6/pyrefly-0.23.1-py3-none-win32.whl", hash = "sha256:b077ba0c832a3994e5f457066bd391eaecbfd2332e15beb4dd42658e39371d93", size = 5756476, upload-time = "2025-07-08T21:16:25.866Z" },
    { url = "https://files.pythonhosted.org/packages/7e/05/04c55202fd079d1142dd3b37b8eddd694fe5efaa334111a67fda4ab5c176/pyrefly-0.23.1-py3-none-win_amd64.whl", hash = "sha256:c6f621d22e528904b9253bd378b45e475f2b4e0e43bf85088654383ec42b98c8", size = 6143869, upload-time = "2025-07-08T21:16:27.533Z" },
    { url = "https://files.pythonhosted.org/packages/33/03/3a82631943792d9a23457f235af58700a9e139efb7ecd83d5e0cad9161bb/pyrefly-0.23.1-py3-none-win_arm64.whl", hash = "sha256:e567ad4e1001040cfca7418b1bc2ec21c4c6f96fd1102e848ad8ced0bd5dcdb7", size = 5779868, upload-time = "2025-07-08T21:16:29.259Z" },
]

[[package]]
name = "python-dateutil"
version = "2.9.0.post0"
source = { registry = "https://pypi.org/simple" }
dependencies = [
    { name = "six" },
]
sdist = { url = "https://files.pythonhosted.org/packages/66/c0/0c8b6ad9f17a802ee498c46e004a0eb49bc148f2fd230864601a86dcf6db/python-dateutil-2.9.0.post0.tar.gz", hash = "sha256:37dd54208da7e1cd875388217d5e00ebd4179249f90fb72437e91a35459a0ad3", size = 342432, upload-time = "2024-03-01T18:36:20.211Z" }
wheels = [
    { url = "https://files.pythonhosted.org/packages/ec/57/56b9bcc3c9c6a792fcbaf139543cee77261f3651ca9da0c93f5c1221264b/python_dateutil-2.9.0.post0-py2.py3-none-any.whl", hash = "sha256:a8b2bc7bffae282281c8140a97d3aa9c14da0b136dfe83f850eea9a5f7470427", size = 229892, upload-time = "2024-03-01T18:36:18.57Z" },
]

[[package]]
name = "ruff"
version = "0.12.3"
source = { registry = "https://pypi.org/simple" }
sdist = { url = "https://files.pythonhosted.org/packages/c3/2a/43955b530c49684d3c38fcda18c43caf91e99204c2a065552528e0552d4f/ruff-0.12.3.tar.gz", hash = "sha256:f1b5a4b6668fd7b7ea3697d8d98857390b40c1320a63a178eee6be0899ea2d77", size = 4459341, upload-time = "2025-07-11T13:21:16.086Z" }
wheels = [
    { url = "https://files.pythonhosted.org/packages/e2/fd/b44c5115539de0d598d75232a1cc7201430b6891808df111b8b0506aae43/ruff-0.12.3-py3-none-linux_armv6l.whl", hash = "sha256:47552138f7206454eaf0c4fe827e546e9ddac62c2a3d2585ca54d29a890137a2", size = 10430499, upload-time = "2025-07-11T13:20:26.321Z" },
    { url = "https://files.pythonhosted.org/packages/43/c5/9eba4f337970d7f639a37077be067e4ec80a2ad359e4cc6c5b56805cbc66/ruff-0.12.3-py3-none-macosx_10_12_x86_64.whl", hash = "sha256:0a9153b000c6fe169bb307f5bd1b691221c4286c133407b8827c406a55282041", size = 11213413, upload-time = "2025-07-11T13:20:30.017Z" },
    { url = "https://files.pythonhosted.org/packages/e2/2c/fac3016236cf1fe0bdc8e5de4f24c76ce53c6dd9b5f350d902549b7719b2/ruff-0.12.3-py3-none-macosx_11_0_arm64.whl", hash = "sha256:fa6b24600cf3b750e48ddb6057e901dd5b9aa426e316addb2a1af185a7509882", size = 10586941, upload-time = "2025-07-11T13:20:33.046Z" },
    { url = "https://files.pythonhosted.org/packages/c5/0f/41fec224e9dfa49a139f0b402ad6f5d53696ba1800e0f77b279d55210ca9/ruff-0.12.3-py3-none-manylinux_2_17_aarch64.manylinux2014_aarch64.whl", hash = "sha256:e2506961bf6ead54887ba3562604d69cb430f59b42133d36976421bc8bd45901", size = 10783001, upload-time = "2025-07-11T13:20:35.534Z" },
    { url = "https://files.pythonhosted.org/packages/0d/ca/dd64a9ce56d9ed6cad109606ac014860b1c217c883e93bf61536400ba107/ruff-0.12.3-py3-none-manylinux_2_17_armv7l.manylinux2014_armv7l.whl", hash = "sha256:c4faaff1f90cea9d3033cbbcdf1acf5d7fb11d8180758feb31337391691f3df0", size = 10269641, upload-time = "2025-07-11T13:20:38.459Z" },
    { url = "https://files.pythonhosted.org/packages/63/5c/2be545034c6bd5ce5bb740ced3e7014d7916f4c445974be11d2a406d5088/ruff-0.12.3-py3-none-manylinux_2_17_i686.manylinux2014_i686.whl", hash = "sha256:40dced4a79d7c264389de1c59467d5d5cefd79e7e06d1dfa2c75497b5269a5a6", size = 11875059, upload-time = "2025-07-11T13:20:41.517Z" },
    { url = "https://files.pythonhosted.org/packages/8e/d4/a74ef1e801ceb5855e9527dae105eaff136afcb9cc4d2056d44feb0e4792/ruff-0.12.3-py3-none-manylinux_2_17_ppc64.manylinux2014_ppc64.whl", hash = "sha256:0262d50ba2767ed0fe212aa7e62112a1dcbfd46b858c5bf7bbd11f326998bafc", size = 12658890, upload-time = "2025-07-11T13:20:44.442Z" },
    { url = "https://files.pythonhosted.org/packages/13/c8/1057916416de02e6d7c9bcd550868a49b72df94e3cca0aeb77457dcd9644/ruff-0.12.3-py3-none-manylinux_2_17_ppc64le.manylinux2014_ppc64le.whl", hash = "sha256:12371aec33e1a3758597c5c631bae9a5286f3c963bdfb4d17acdd2d395406687", size = 12232008, upload-time = "2025-07-11T13:20:47.374Z" },
    { url = "https://files.pythonhosted.org/packages/f5/59/4f7c130cc25220392051fadfe15f63ed70001487eca21d1796db46cbcc04/ruff-0.12.3-py3-none-manylinux_2_17_s390x.manylinux2014_s390x.whl", hash = "sha256:560f13b6baa49785665276c963edc363f8ad4b4fc910a883e2625bdb14a83a9e", size = 11499096, upload-time = "2025-07-11T13:20:50.348Z" },
    { url = "https://files.pythonhosted.org/packages/d4/01/a0ad24a5d2ed6be03a312e30d32d4e3904bfdbc1cdbe63c47be9d0e82c79/ruff-0.12.3-py3-none-manylinux_2_17_x86_64.manylinux2014_x86_64.whl", hash = "sha256:023040a3499f6f974ae9091bcdd0385dd9e9eb4942f231c23c57708147b06311", size = 11688307, upload-time = "2025-07-11T13:20:52.945Z" },
    { url = "https://files.pythonhosted.org/packages/93/72/08f9e826085b1f57c9a0226e48acb27643ff19b61516a34c6cab9d6ff3fa/ruff-0.12.3-py3-none-musllinux_1_2_aarch64.whl", hash = "sha256:883d844967bffff5ab28bba1a4d246c1a1b2933f48cb9840f3fdc5111c603b07", size = 10661020, upload-time = "2025-07-11T13:20:55.799Z" },
    { url = "https://files.pythonhosted.org/packages/80/a0/68da1250d12893466c78e54b4a0ff381370a33d848804bb51279367fc688/ruff-0.12.3-py3-none-musllinux_1_2_armv7l.whl", hash = "sha256:2120d3aa855ff385e0e562fdee14d564c9675edbe41625c87eeab744a7830d12", size = 10246300, upload-time = "2025-07-11T13:20:58.222Z" },
    { url = "https://files.pythonhosted.org/packages/6a/22/5f0093d556403e04b6fd0984fc0fb32fbb6f6ce116828fd54306a946f444/ruff-0.12.3-py3-none-musllinux_1_2_i686.whl", hash = "sha256:6b16647cbb470eaf4750d27dddc6ebf7758b918887b56d39e9c22cce2049082b", size = 11263119, upload-time = "2025-07-11T13:21:01.503Z" },
    { url = "https://files.pythonhosted.org/packages/92/c9/f4c0b69bdaffb9968ba40dd5fa7df354ae0c73d01f988601d8fac0c639b1/ruff-0.12.3-py3-none-musllinux_1_2_x86_64.whl", hash = "sha256:e1417051edb436230023575b149e8ff843a324557fe0a265863b7602df86722f", size = 11746990, upload-time = "2025-07-11T13:21:04.524Z" },
    { url = "https://files.pythonhosted.org/packages/fe/84/7cc7bd73924ee6be4724be0db5414a4a2ed82d06b30827342315a1be9e9c/ruff-0.12.3-py3-none-win32.whl", hash = "sha256:dfd45e6e926deb6409d0616078a666ebce93e55e07f0fb0228d4b2608b2c248d", size = 10589263, upload-time = "2025-07-11T13:21:07.148Z" },
    { url = "https://files.pythonhosted.org/packages/07/87/c070f5f027bd81f3efee7d14cb4d84067ecf67a3a8efb43aadfc72aa79a6/ruff-0.12.3-py3-none-win_amd64.whl", hash = "sha256:a946cf1e7ba3209bdef039eb97647f1c77f6f540e5845ec9c114d3af8df873e7", size = 11695072, upload-time = "2025-07-11T13:21:11.004Z" },
    { url = "https://files.pythonhosted.org/packages/e0/30/f3eaf6563c637b6e66238ed6535f6775480db973c836336e4122161986fc/ruff-0.12.3-py3-none-win_arm64.whl", hash = "sha256:5f9c7c9c8f84c2d7f27e93674d27136fbf489720251544c4da7fb3d742e011b1", size = 10805855, upload-time = "2025-07-11T13:21:13.547Z" },
]

[[package]]
name = "schedule-exporter"
version = "1.0.0"
source = { editable = "." }
dependencies = [
    { name = "icalendar" },
]

[package.dev-dependencies]
dev = [
    { name = "pyrefly" },
    { name = "ruff" },
    { name = "types-icalendar" },
]

[package.metadata]
requires-dist = [{ name = "icalendar", specifier = ">=6.1.0" }]

[package.metadata.requires-dev]
dev = [
    { name = "pyrefly", specifier = ">=0.23.1" },
    { name = "ruff", specifier = ">=0.12.3" },
    { name = "types-icalendar", specifier = ">=6.3.1.20250521" },
]

[[package]]
name = "six"
version = "1.17.0"
source = { registry = "https://pypi.org/simple" }
sdist = { url = "https://files.pythonhosted.org/packages/94/e7/b2c673351809dca68a0e064b6af791aa332cf192da575fd474ed7d6f16a2/six-1.17.0.tar.gz", hash = "sha256:ff70335d468e7eb6ec65b95b99d3a2836546063f63acc5171de367e834932a81", size = 34031, upload-time = "2024-12-04T17:35:28.174Z" }
wheels = [
    { url = "https://files.pythonhosted.org/packages/b7/ce/149a00dd41f10bc29e5921b496af8b574d8413afcd5e30dfa0ed46c2cc5e/six-1.17.0-py2.py3-none-any.whl", hash = "sha256:4721f391ed90541fddacab5acf947aa0d3dc7d27b2e1e8eda2be8970586c3274", size = 11050, upload-time = "2024-12-04T17:35:26.475Z" },
]

[[package]]
name = "types-icalendar"
version = "6.3.1.20250521"
source = { registry = "https://pypi.org/simple" }
dependencies = [
    { name = "types-python-dateutil" },
    { name = "types-pytz" },
]
sdist = { url = "https://files.pythonhosted.org/packages/3f/b5/780038cefd18dce653f4ec54bc5975a526dc285ad9ceab2563090f1a7eb9/types_icalendar-6.3.1.20250521.tar.gz", hash = "sha256:c8fdc7e6afd39973191bb67cec5a5918c1bf4cdde64ae8c44cbc0cfa4e31a1ef", size = 17955, upload-time = "2025-05-21T03:06:08.411Z" }
wheels = [
    { url = "https://files.pythonhosted.org/packages/58/87/936a19a98ab8444e2ea4b5dbe26875173d22653690fc87b3ce6399d3a172/types_icalendar-6.3.1.20250521-py3-none-any.whl", hash = "sha256:449cacdd0e5768e148753722e34c38b13e4078973b7174a5b0b938159ce32fae", size = 23072, upload-time = "2025-05-21T03:06:07.487Z" },
]

[[package]]
name = "types-python-dateutil"
version = "2.9.0.20250708"
source = { registry = "https://pypi.org/simple" }
sdist = { url = "https://files.pythonhosted.org/packages/c9/95/6bdde7607da2e1e99ec1c1672a759d42f26644bbacf939916e086db34870/types_python_dateutil-2.9.0.20250708.tar.gz", hash = "sha256:ccdbd75dab2d6c9696c350579f34cffe2c281e4c5f27a585b2a2438dd1d5c8ab", size = 15834, upload-time = "2025-07-08T03:14:03.382Z" }
wheels = [
    { url = "https://files.pythonhosted.org/packages/72/52/43e70a8e57fefb172c22a21000b03ebcc15e47e97f5cb8495b9c2832efb4/types_python_dateutil-2.9.0.20250708-py3-none-any.whl", hash = "sha256:4d6d0cc1cc4d24a2dc3816024e502564094497b713f7befda4d5bc7a8e3fd21f", size = 17724, upload-time = "2025-07-08T03:14:02.593Z" },
]

[[package]]
name = "types-pytz"
version = "2025.2.0.20250516"
source = { registry = "https://pypi.org/simple" }
sdist = { url = "https://files.pythonhosted.org/packages/bd/72/b0e711fd90409f5a76c75349055d3eb19992c110f0d2d6aabbd6cfbc14bf/types_pytz-2025.2.0.20250516.tar.gz", hash = "sha256:e1216306f8c0d5da6dafd6492e72eb080c9a166171fa80dd7a1990fd8be7a7b3", size = 10940, upload-time = "2025-05-16T03:07:01.91Z" }
wheels = [
    { url = "https://files.pythonhosted.org/packages/c1/ba/e205cd11c1c7183b23c97e4bcd1de7bc0633e2e867601c32ecfc6ad42675/types_pytz-2025.2.0.20250516-py3-none-any.whl", hash = "sha256:e0e0c8a57e2791c19f718ed99ab2ba623856b11620cb6b637e5f62ce285a7451", size = 10136, upload-time = "2025-05-16T03:07:01.075Z" },
]

[[package]]
name = "tzdata"
version = "2025.2"
source = { registry = "https://pypi.org/simple" }
sdist = { url = "https://files.pythonhosted.org/packages/95/32/1a225d6164441be760d75c2c42e2780dc0873fe382da3e98a2e1e48361e5/tzdata-2025.2.tar.gz", hash = "sha256:b60a638fcc0daffadf82fe0f57e53d06bdec2f36c4df66280ae79bce6bd6f2b9", size = 196380, upload-time = "2025-03-23T13:54:43.652Z" }
wheels = [
    { url = "https://files.pythonhosted.org/packages/5c/23/c7abc0ca0a1526a0774eca151daeb8de62ec457e77262b66b359c3c7679e/tzdata-2025.2-py2.py3-none-any.whl", hash = "sha256:1a403fada01ff9221ca8044d701868fa132215d84beb92242d9acd2147f667a8", size = 347839, upload-time = "2025-03-23T13:54:41.845Z" },
]
